
Microsoft Visual Studio Solution File, Format Version 12.00
# Visual Studio 2015
Project("{FAE04EC0-301F-11D3-BF4B-00C04F79EFBC}") = "Gears3DUnity.CSharp.Plugins", "Gears3DUnity.CSharp.Plugins.csproj", "{27546952-4094-3818-E838-29F1890E6C0A}"
EndProject
Project("{FAE04EC0-301F-11D3-BF4B-00C04F79EFBC}") = "Gears3DUnity.CSharp", "Gears3DUnity.CSharp.csproj", "{7457F659-EA1B-6590-3153-8C496FF37D6E}"
EndProject
Global
	GlobalSection(SolutionConfigurationPlatforms) = preSolution
		Debug|Any CPU = Debug|Any CPU
		Release|Any CPU = Release|Any CPU
	EndGlobalSection
	GlobalSection(ProjectConfigurationPlatforms) = postSolution
		{27546952-4094-3818-E838-29F1890E6C0A}.Debug|Any CPU.ActiveCfg = Debug|Any CPU
		{27546952-4094-3818-E838-29F1890E6C0A}.Debug|Any CPU.Build.0 = Debug|Any CPU
		{27546952-4094-3818-E838-29F1890E6C0A}.Release|Any CPU.ActiveCfg = Release|Any CPU
		{27546952-4094-3818-E838-29F1890E6C0A}.Release|Any CPU.Build.0 = Release|Any CPU
		{7457F659-EA1B-6590-3153-8C496FF37D6E}.Debug|Any CPU.ActiveCfg = Debug|Any CPU
		{7457F659-EA1B-6590-3153-8C496FF37D6E}.Debug|Any CPU.Build.0 = Debug|Any CPU
		{7457F659-EA1B-6590-3153-8C496FF37D6E}.Release|Any CPU.ActiveCfg = Release|Any CPU
		{7457F659-EA1B-6590-3153-8C496FF37D6E}.Release|Any CPU.Build.0 = Release|Any CPU
	EndGlobalSection
	GlobalSection(SolutionProperties) = preSolution
		HideSolutionNode = FALSE
	EndGlobalSection
EndGlobal
